// !$*UTF8*$!
{
	archiveVersion = 1;
	classes = {
	};
	objectVersion = 46;
	objects = {

/* Begin PBXBuildFile section */
		BE2373F91B04670C00D00A4E /* NotificationCenter.framework in Frameworks */ = {isa = PBXBuildFile; fileRef = BE7EBA851B045682007D215B /* NotificationCenter.framework */; };
		BE2373FE1B04670C00D00A4E /* TodayViewController.swift in Sources */ = {isa = PBXBuildFile; fileRef = BE2373FD1B04670C00D00A4E /* TodayViewController.swift */; };
		BE2374001B04670C00D00A4E /* MainInterface.storyboard in Resources */ = {isa = PBXBuildFile; fileRef = BE2373FF1B04670C00D00A4E /* MainInterface.storyboard */; };
		BE2374031B04670C00D00A4E /* TodayExtension.appex in Embed App Extensions */ = {isa = PBXBuildFile; fileRef = BE2373F81B04670C00D00A4E /* TodayExtension.appex */; settings = {ATTRIBUTES = (RemoveHeadersOnCopy, ); }; };
		BE6E69661B0630A400ADF505 /* LunchTimeShare.h in Headers */ = {isa = PBXBuildFile; fileRef = BE6E69651B0630A400ADF505 /* LunchTimeShare.h */; settings = {ATTRIBUTES = (Public, ); }; };
		BE6E696C1B0630A400ADF505 /* LunchTimeShare.framework in Frameworks */ = {isa = PBXBuildFile; fileRef = BE6E69611B0630A400ADF505 /* LunchTimeShare.framework */; };
		BE6E69751B0630A400ADF505 /* LunchTimeShareTests.swift in Sources */ = {isa = PBXBuildFile; fileRef = BE6E69741B0630A400ADF505 /* LunchTimeShareTests.swift */; };
		BE6E69781B0630A400ADF505 /* LunchTimeShare.framework in Frameworks */ = {isa = PBXBuildFile; fileRef = BE6E69611B0630A400ADF505 /* LunchTimeShare.framework */; };
		BE6E69791B0630A400ADF505 /* LunchTimeShare.framework in Embed Frameworks */ = {isa = PBXBuildFile; fileRef = BE6E69611B0630A400ADF505 /* LunchTimeShare.framework */; settings = {ATTRIBUTES = (CodeSignOnCopy, RemoveHeadersOnCopy, ); }; };
		BE6E69821B0630DB00ADF505 /* LunchTime.swift in Sources */ = {isa = PBXBuildFile; fileRef = BE6E69811B0630DB00ADF505 /* LunchTime.swift */; };
		BE7EBA5C1B045514007D215B /* AppDelegate.swift in Sources */ = {isa = PBXBuildFile; fileRef = BE7EBA5B1B045514007D215B /* AppDelegate.swift */; };
		BE7EBA5E1B045514007D215B /* ViewController.swift in Sources */ = {isa = PBXBuildFile; fileRef = BE7EBA5D1B045514007D215B /* ViewController.swift */; };
		BE7EBA611B045514007D215B /* Main.storyboard in Resources */ = {isa = PBXBuildFile; fileRef = BE7EBA5F1B045514007D215B /* Main.storyboard */; };
		BE7EBA631B045514007D215B /* Images.xcassets in Resources */ = {isa = PBXBuildFile; fileRef = BE7EBA621B045514007D215B /* Images.xcassets */; };
		BE7EBA661B045514007D215B /* LaunchScreen.xib in Resources */ = {isa = PBXBuildFile; fileRef = BE7EBA641B045514007D215B /* LaunchScreen.xib */; };
		BE7EBA721B045514007D215B /* LunchTimeTests.swift in Sources */ = {isa = PBXBuildFile; fileRef = BE7EBA711B045514007D215B /* LunchTimeTests.swift */; };
/* End PBXBuildFile section */

/* Begin PBXContainerItemProxy section */
		BE2374011B04670C00D00A4E /* PBXContainerItemProxy */ = {
			isa = PBXContainerItemProxy;
			containerPortal = BE7EBA4E1B045514007D215B /* Project object */;
			proxyType = 1;
			remoteGlobalIDString = BE2373F71B04670C00D00A4E;
			remoteInfo = TodayExtension;
		};
		BE6E696D1B0630A400ADF505 /* PBXContainerItemProxy */ = {
			isa = PBXContainerItemProxy;
			containerPortal = BE7EBA4E1B045514007D215B /* Project object */;
			proxyType = 1;
			remoteGlobalIDString = BE6E69601B0630A400ADF505;
			remoteInfo = LunchTimeShare;
		};
		BE6E696F1B0630A400ADF505 /* PBXContainerItemProxy */ = {
			isa = PBXContainerItemProxy;
			containerPortal = BE7EBA4E1B045514007D215B /* Project object */;
			proxyType = 1;
			remoteGlobalIDString = BE7EBA551B045514007D215B;
			remoteInfo = LunchTime;
		};
		BE6E69761B0630A400ADF505 /* PBXContainerItemProxy */ = {
			isa = PBXContainerItemProxy;
			containerPortal = BE7EBA4E1B045514007D215B /* Project object */;
			proxyType = 1;
			remoteGlobalIDString = BE6E69601B0630A400ADF505;
			remoteInfo = LunchTimeShare;
		};
		BE7EBA6C1B045514007D215B /* PBXContainerItemProxy */ = {
			isa = PBXContainerItemProxy;
			containerPortal = BE7EBA4E1B045514007D215B /* Project object */;
			proxyType = 1;
			remoteGlobalIDString = BE7EBA551B045514007D215B;
			remoteInfo = LunchTime;
		};
/* End PBXContainerItemProxy section */

/* Begin PBXCopyFilesBuildPhase section */
		BE6E697F1B0630A400ADF505 /* Embed Frameworks */ = {
			isa = PBXCopyFilesBuildPhase;
			buildActionMask = 2147483647;
			dstPath = "";
			dstSubfolderSpec = 10;
			files = (
				BE6E69791B0630A400ADF505 /* LunchTimeShare.framework in Embed Frameworks */,
			);
			name = "Embed Frameworks";
			runOnlyForDeploymentPostprocessing = 0;
		};
		BE7EBA901B045682007D215B /* Embed App Extensions */ = {
			isa = PBXCopyFilesBuildPhase;
			buildActionMask = 2147483647;
			dstPath = "";
			dstSubfolderSpec = 13;
			files = (
				BE2374031B04670C00D00A4E /* TodayExtension.appex in Embed App Extensions */,
			);
			name = "Embed App Extensions";
			runOnlyForDeploymentPostprocessing = 0;
		};
/* End PBXCopyFilesBuildPhase section */

/* Begin PBXFileReference section */
		BE2373F81B04670C00D00A4E /* TodayExtension.appex */ = {isa = PBXFileReference; explicitFileType = "wrapper.app-extension"; includeInIndex = 0; path = TodayExtension.appex; sourceTree = BUILT_PRODUCTS_DIR; };
		BE2373FC1B04670C00D00A4E /* Info.plist */ = {isa = PBXFileReference; lastKnownFileType = text.plist.xml; path = Info.plist; sourceTree = "<group>"; };
		BE2373FD1B04670C00D00A4E /* TodayViewController.swift */ = {isa = PBXFileReference; lastKnownFileType = sourcecode.swift; path = TodayViewController.swift; sourceTree = "<group>"; };
		BE2373FF1B04670C00D00A4E /* MainInterface.storyboard */ = {isa = PBXFileReference; lastKnownFileType = file.storyboard; path = MainInterface.storyboard; sourceTree = "<group>"; };
		BE6E69611B0630A400ADF505 /* LunchTimeShare.framework */ = {isa = PBXFileReference; explicitFileType = wrapper.framework; includeInIndex = 0; path = LunchTimeShare.framework; sourceTree = BUILT_PRODUCTS_DIR; };
		BE6E69641B0630A400ADF505 /* Info.plist */ = {isa = PBXFileReference; lastKnownFileType = text.plist.xml; path = Info.plist; sourceTree = "<group>"; };
		BE6E69651B0630A400ADF505 /* LunchTimeShare.h */ = {isa = PBXFileReference; lastKnownFileType = sourcecode.c.h; path = LunchTimeShare.h; sourceTree = "<group>"; };
		BE6E696B1B0630A400ADF505 /* LunchTimeShareTests.xctest */ = {isa = PBXFileReference; explicitFileType = wrapper.cfbundle; includeInIndex = 0; path = LunchTimeShareTests.xctest; sourceTree = BUILT_PRODUCTS_DIR; };
		BE6E69731B0630A400ADF505 /* Info.plist */ = {isa = PBXFileReference; lastKnownFileType = text.plist.xml; path = Info.plist; sourceTree = "<group>"; };
		BE6E69741B0630A400ADF505 /* LunchTimeShareTests.swift */ = {isa = PBXFileReference; lastKnownFileType = sourcecode.swift; path = LunchTimeShareTests.swift; sourceTree = "<group>"; };
		BE6E69811B0630DB00ADF505 /* LunchTime.swift */ = {isa = PBXFileReference; fileEncoding = 4; lastKnownFileType = sourcecode.swift; path = LunchTime.swift; sourceTree = "<group>"; };
		BE7EBA561B045514007D215B /* LunchTime.app */ = {isa = PBXFileReference; explicitFileType = wrapper.application; includeInIndex = 0; path = LunchTime.app; sourceTree = BUILT_PRODUCTS_DIR; };
		BE7EBA5A1B045514007D215B /* Info.plist */ = {isa = PBXFileReference; lastKnownFileType = text.plist.xml; path = Info.plist; sourceTree = "<group>"; };
		BE7EBA5B1B045514007D215B /* AppDelegate.swift */ = {isa = PBXFileReference; lastKnownFileType = sourcecode.swift; path = AppDelegate.swift; sourceTree = "<group>"; };
		BE7EBA5D1B045514007D215B /* ViewController.swift */ = {isa = PBXFileReference; lastKnownFileType = sourcecode.swift; path = ViewController.swift; sourceTree = "<group>"; };
		BE7EBA601B045514007D215B /* Base */ = {isa = PBXFileReference; lastKnownFileType = file.storyboard; name = Base; path = Base.lproj/Main.storyboard; sourceTree = "<group>"; };
		BE7EBA621B045514007D215B /* Images.xcassets */ = {isa = PBXFileReference; lastKnownFileType = folder.assetcatalog; path = Images.xcassets; sourceTree = "<group>"; };
		BE7EBA651B045514007D215B /* Base */ = {isa = PBXFileReference; lastKnownFileType = file.xib; name = Base; path = Base.lproj/LaunchScreen.xib; sourceTree = "<group>"; };
		BE7EBA6B1B045514007D215B /* LunchTimeTests.xctest */ = {isa = PBXFileReference; explicitFileType = wrapper.cfbundle; includeInIndex = 0; path = LunchTimeTests.xctest; sourceTree = BUILT_PRODUCTS_DIR; };
		BE7EBA701B045514007D215B /* Info.plist */ = {isa = PBXFileReference; lastKnownFileType = text.plist.xml; path = Info.plist; sourceTree = "<group>"; };
		BE7EBA711B045514007D215B /* LunchTimeTests.swift */ = {isa = PBXFileReference; lastKnownFileType = sourcecode.swift; path = LunchTimeTests.swift; sourceTree = "<group>"; };
		BE7EBA7B1B045660007D215B /* LICENSE.md */ = {isa = PBXFileReference; fileEncoding = 4; lastKnownFileType = net.daringfireball.markdown; path = LICENSE.md; sourceTree = "<group>"; };
		BE7EBA7C1B045660007D215B /* README.md */ = {isa = PBXFileReference; fileEncoding = 4; lastKnownFileType = net.daringfireball.markdown; path = README.md; sourceTree = "<group>"; };
		BE7EBA851B045682007D215B /* NotificationCenter.framework */ = {isa = PBXFileReference; lastKnownFileType = wrapper.framework; name = NotificationCenter.framework; path = System/Library/Frameworks/NotificationCenter.framework; sourceTree = SDKROOT; };
/* End PBXFileReference section */

/* Begin PBXFrameworksBuildPhase section */
		BE2373F51B04670C00D00A4E /* Frameworks */ = {
			isa = PBXFrameworksBuildPhase;
			buildActionMask = 2147483647;
			files = (
				BE2373F91B04670C00D00A4E /* NotificationCenter.framework in Frameworks */,
			);
			runOnlyForDeploymentPostprocessing = 0;
		};
		BE6E695D1B0630A400ADF505 /* Frameworks */ = {
			isa = PBXFrameworksBuildPhase;
			buildActionMask = 2147483647;
			files = (
			);
			runOnlyForDeploymentPostprocessing = 0;
		};
		BE6E69681B0630A400ADF505 /* Frameworks */ = {
			isa = PBXFrameworksBuildPhase;
			buildActionMask = 2147483647;
			files = (
				BE6E696C1B0630A400ADF505 /* LunchTimeShare.framework in Frameworks */,
			);
			runOnlyForDeploymentPostprocessing = 0;
		};
		BE7EBA531B045514007D215B /* Frameworks */ = {
			isa = PBXFrameworksBuildPhase;
			buildActionMask = 2147483647;
			files = (
				BE6E69781B0630A400ADF505 /* LunchTimeShare.framework in Frameworks */,
			);
			runOnlyForDeploymentPostprocessing = 0;
		};
		BE7EBA681B045514007D215B /* Frameworks */ = {
			isa = PBXFrameworksBuildPhase;
			buildActionMask = 2147483647;
			files = (
			);
			runOnlyForDeploymentPostprocessing = 0;
		};
/* End PBXFrameworksBuildPhase section */

/* Begin PBXGroup section */
		BE2373FA1B04670C00D00A4E /* TodayExtension */ = {
			isa = PBXGroup;
			children = (
				BE2373FD1B04670C00D00A4E /* TodayViewController.swift */,
				BE2373FF1B04670C00D00A4E /* MainInterface.storyboard */,
				BE2373FB1B04670C00D00A4E /* Supporting Files */,
			);
			path = TodayExtension;
			sourceTree = "<group>";
		};
		BE2373FB1B04670C00D00A4E /* Supporting Files */ = {
			isa = PBXGroup;
			children = (
				BE2373FC1B04670C00D00A4E /* Info.plist */,
			);
			name = "Supporting Files";
			sourceTree = "<group>";
		};
		BE6E69621B0630A400ADF505 /* LunchTimeShare */ = {
			isa = PBXGroup;
			children = (
				BE6E69651B0630A400ADF505 /* LunchTimeShare.h */,
				BE6E69631B0630A400ADF505 /* Supporting Files */,
				BE6E69811B0630DB00ADF505 /* LunchTime.swift */,
			);
			path = LunchTimeShare;
			sourceTree = "<group>";
		};
		BE6E69631B0630A400ADF505 /* Supporting Files */ = {
			isa = PBXGroup;
			children = (
				BE6E69641B0630A400ADF505 /* Info.plist */,
			);
			name = "Supporting Files";
			sourceTree = "<group>";
		};
		BE6E69711B0630A400ADF505 /* LunchTimeShareTests */ = {
			isa = PBXGroup;
			children = (
				BE6E69741B0630A400ADF505 /* LunchTimeShareTests.swift */,
				BE6E69721B0630A400ADF505 /* Supporting Files */,
			);
			path = LunchTimeShareTests;
			sourceTree = "<group>";
		};
		BE6E69721B0630A400ADF505 /* Supporting Files */ = {
			isa = PBXGroup;
			children = (
				BE6E69731B0630A400ADF505 /* Info.plist */,
			);
			name = "Supporting Files";
			sourceTree = "<group>";
		};
		BE7EBA4D1B045514007D215B = {
			isa = PBXGroup;
			children = (
				BE7EBA7B1B045660007D215B /* LICENSE.md */,
				BE7EBA7C1B045660007D215B /* README.md */,
				BE7EBA581B045514007D215B /* LunchTime */,
				BE7EBA6E1B045514007D215B /* LunchTimeTests */,
				BE2373FA1B04670C00D00A4E /* TodayExtension */,
				BE6E69621B0630A400ADF505 /* LunchTimeShare */,
				BE6E69711B0630A400ADF505 /* LunchTimeShareTests */,
				BE7EBA841B045682007D215B /* Frameworks */,
				BE7EBA571B045514007D215B /* Products */,
			);
			sourceTree = "<group>";
		};
		BE7EBA571B045514007D215B /* Products */ = {
			isa = PBXGroup;
			children = (
				BE7EBA561B045514007D215B /* LunchTime.app */,
				BE7EBA6B1B045514007D215B /* LunchTimeTests.xctest */,
				BE2373F81B04670C00D00A4E /* TodayExtension.appex */,
				BE6E69611B0630A400ADF505 /* LunchTimeShare.framework */,
				BE6E696B1B0630A400ADF505 /* LunchTimeShareTests.xctest */,
			);
			name = Products;
			sourceTree = "<group>";
		};
		BE7EBA581B045514007D215B /* LunchTime */ = {
			isa = PBXGroup;
			children = (
				BE7EBA5B1B045514007D215B /* AppDelegate.swift */,
				BE7EBA5D1B045514007D215B /* ViewController.swift */,
				BE7EBA5F1B045514007D215B /* Main.storyboard */,
				BE7EBA621B045514007D215B /* Images.xcassets */,
				BE7EBA641B045514007D215B /* LaunchScreen.xib */,
				BE7EBA591B045514007D215B /* Supporting Files */,
			);
			path = LunchTime;
			sourceTree = "<group>";
		};
		BE7EBA591B045514007D215B /* Supporting Files */ = {
			isa = PBXGroup;
			children = (
				BE7EBA5A1B045514007D215B /* Info.plist */,
			);
			name = "Supporting Files";
			sourceTree = "<group>";
		};
		BE7EBA6E1B045514007D215B /* LunchTimeTests */ = {
			isa = PBXGroup;
			children = (
				BE7EBA711B045514007D215B /* LunchTimeTests.swift */,
				BE7EBA6F1B045514007D215B /* Supporting Files */,
			);
			path = LunchTimeTests;
			sourceTree = "<group>";
		};
		BE7EBA6F1B045514007D215B /* Supporting Files */ = {
			isa = PBXGroup;
			children = (
				BE7EBA701B045514007D215B /* Info.plist */,
			);
			name = "Supporting Files";
			sourceTree = "<group>";
		};
		BE7EBA841B045682007D215B /* Frameworks */ = {
			isa = PBXGroup;
			children = (
				BE7EBA851B045682007D215B /* NotificationCenter.framework */,
			);
			name = Frameworks;
			sourceTree = "<group>";
		};
/* End PBXGroup section */

/* Begin PBXHeadersBuildPhase section */
		BE6E695E1B0630A400ADF505 /* Headers */ = {
			isa = PBXHeadersBuildPhase;
			buildActionMask = 2147483647;
			files = (
				BE6E69661B0630A400ADF505 /* LunchTimeShare.h in Headers */,
			);
			runOnlyForDeploymentPostprocessing = 0;
		};
/* End PBXHeadersBuildPhase section */

/* Begin PBXNativeTarget section */
		BE2373F71B04670C00D00A4E /* TodayExtension */ = {
			isa = PBXNativeTarget;
			buildConfigurationList = BE2374041B04670C00D00A4E /* Build configuration list for PBXNativeTarget "TodayExtension" */;
			buildPhases = (
				BE2373F41B04670C00D00A4E /* Sources */,
				BE2373F51B04670C00D00A4E /* Frameworks */,
				BE2373F61B04670C00D00A4E /* Resources */,
			);
			buildRules = (
			);
			dependencies = (
			);
			name = TodayExtension;
			productName = TodayExtension;
			productReference = BE2373F81B04670C00D00A4E /* TodayExtension.appex */;
			productType = "com.apple.product-type.app-extension";
		};
		BE6E69601B0630A400ADF505 /* LunchTimeShare */ = {
			isa = PBXNativeTarget;
			buildConfigurationList = BE6E697E1B0630A400ADF505 /* Build configuration list for PBXNativeTarget "LunchTimeShare" */;
			buildPhases = (
				BE6E695C1B0630A400ADF505 /* Sources */,
				BE6E695D1B0630A400ADF505 /* Frameworks */,
				BE6E695E1B0630A400ADF505 /* Headers */,
				BE6E695F1B0630A400ADF505 /* Resources */,
			);
			buildRules = (
			);
			dependencies = (
			);
			name = LunchTimeShare;
			productName = LunchTimeShare;
			productReference = BE6E69611B0630A400ADF505 /* LunchTimeShare.framework */;
			productType = "com.apple.product-type.framework";
		};
		BE6E696A1B0630A400ADF505 /* LunchTimeShareTests */ = {
			isa = PBXNativeTarget;
			buildConfigurationList = BE6E69801B0630A400ADF505 /* Build configuration list for PBXNativeTarget "LunchTimeShareTests" */;
			buildPhases = (
				BE6E69671B0630A400ADF505 /* Sources */,
				BE6E69681B0630A400ADF505 /* Frameworks */,
				BE6E69691B0630A400ADF505 /* Resources */,
			);
			buildRules = (
			);
			dependencies = (
				BE6E696E1B0630A400ADF505 /* PBXTargetDependency */,
				BE6E69701B0630A400ADF505 /* PBXTargetDependency */,
			);
			name = LunchTimeShareTests;
			productName = LunchTimeShareTests;
			productReference = BE6E696B1B0630A400ADF505 /* LunchTimeShareTests.xctest */;
			productType = "com.apple.product-type.bundle.unit-test";
		};
		BE7EBA551B045514007D215B /* LunchTime */ = {
			isa = PBXNativeTarget;
			buildConfigurationList = BE7EBA751B045514007D215B /* Build configuration list for PBXNativeTarget "LunchTime" */;
			buildPhases = (
				BE7EBA521B045514007D215B /* Sources */,
				BE7EBA531B045514007D215B /* Frameworks */,
				BE7EBA541B045514007D215B /* Resources */,
				BE7EBA901B045682007D215B /* Embed App Extensions */,
				BE6E697F1B0630A400ADF505 /* Embed Frameworks */,
			);
			buildRules = (
			);
			dependencies = (
				BE2374021B04670C00D00A4E /* PBXTargetDependency */,
				BE6E69771B0630A400ADF505 /* PBXTargetDependency */,
			);
			name = LunchTime;
			productName = LunchTime;
			productReference = BE7EBA561B045514007D215B /* LunchTime.app */;
			productType = "com.apple.product-type.application";
		};
		BE7EBA6A1B045514007D215B /* LunchTimeTests */ = {
			isa = PBXNativeTarget;
			buildConfigurationList = BE7EBA781B045514007D215B /* Build configuration list for PBXNativeTarget "LunchTimeTests" */;
			buildPhases = (
				BE7EBA671B045514007D215B /* Sources */,
				BE7EBA681B045514007D215B /* Frameworks */,
				BE7EBA691B045514007D215B /* Resources */,
			);
			buildRules = (
			);
			dependencies = (
				BE7EBA6D1B045514007D215B /* PBXTargetDependency */,
			);
			name = LunchTimeTests;
			productName = LunchTimeTests;
			productReference = BE7EBA6B1B045514007D215B /* LunchTimeTests.xctest */;
			productType = "com.apple.product-type.bundle.unit-test";
		};
/* End PBXNativeTarget section */

/* Begin PBXProject section */
		BE7EBA4E1B045514007D215B /* Project object */ = {
			isa = PBXProject;
			attributes = {
				LastUpgradeCheck = 0630;
				ORGANIZATIONNAME = "Kenneth Wilcox";
				TargetAttributes = {
					BE2373F71B04670C00D00A4E = {
						CreatedOnToolsVersion = 6.3.1;
					};
					BE6E69601B0630A400ADF505 = {
						CreatedOnToolsVersion = 6.3.1;
					};
					BE6E696A1B0630A400ADF505 = {
						CreatedOnToolsVersion = 6.3.1;
						TestTargetID = BE7EBA551B045514007D215B;
					};
					BE7EBA551B045514007D215B = {
						CreatedOnToolsVersion = 6.3.1;
					};
					BE7EBA6A1B045514007D215B = {
						CreatedOnToolsVersion = 6.3.1;
						TestTargetID = BE7EBA551B045514007D215B;
					};
				};
			};
			buildConfigurationList = BE7EBA511B045514007D215B /* Build configuration list for PBXProject "LunchTime" */;
			compatibilityVersion = "Xcode 3.2";
			developmentRegion = English;
			hasScannedForEncodings = 0;
			knownRegions = (
				en,
				Base,
			);
			mainGroup = BE7EBA4D1B045514007D215B;
			productRefGroup = BE7EBA571B045514007D215B /* Products */;
			projectDirPath = "";
			projectRoot = "";
			targets = (
				BE7EBA551B045514007D215B /* LunchTime */,
				BE7EBA6A1B045514007D215B /* LunchTimeTests */,
				BE2373F71B04670C00D00A4E /* TodayExtension */,
				BE6E69601B0630A400ADF505 /* LunchTimeShare */,
				BE6E696A1B0630A400ADF505 /* LunchTimeShareTests */,
			);
		};
/* End PBXProject section */

/* Begin PBXResourcesBuildPhase section */
		BE2373F61B04670C00D00A4E /* Resources */ = {
			isa = PBXResourcesBuildPhase;
			buildActionMask = 2147483647;
			files = (
				BE2374001B04670C00D00A4E /* MainInterface.storyboard in Resources */,
			);
			runOnlyForDeploymentPostprocessing = 0;
		};
		BE6E695F1B0630A400ADF505 /* Resources */ = {
			isa = PBXResourcesBuildPhase;
			buildActionMask = 2147483647;
			files = (
			);
			runOnlyForDeploymentPostprocessing = 0;
		};
		BE6E69691B0630A400ADF505 /* Resources */ = {
			isa = PBXResourcesBuildPhase;
			buildActionMask = 2147483647;
			files = (
			);
			runOnlyForDeploymentPostprocessing = 0;
		};
		BE7EBA541B045514007D215B /* Resources */ = {
			isa = PBXResourcesBuildPhase;
			buildActionMask = 2147483647;
			files = (
				BE7EBA611B045514007D215B /* Main.storyboard in Resources */,
				BE7EBA661B045514007D215B /* LaunchScreen.xib in Resources */,
				BE7EBA631B045514007D215B /* Images.xcassets in Resources */,
			);
			runOnlyForDeploymentPostprocessing = 0;
		};
		BE7EBA691B045514007D215B /* Resources */ = {
			isa = PBXResourcesBuildPhase;
			buildActionMask = 2147483647;
			files = (
			);
			runOnlyForDeploymentPostprocessing = 0;
		};
/* End PBXResourcesBuildPhase section */

/* Begin PBXSourcesBuildPhase section */
		BE2373F41B04670C00D00A4E /* Sources */ = {
			isa = PBXSourcesBuildPhase;
			buildActionMask = 2147483647;
			files = (
				BE2373FE1B04670C00D00A4E /* TodayViewController.swift in Sources */,
			);
			runOnlyForDeploymentPostprocessing = 0;
		};
		BE6E695C1B0630A400ADF505 /* Sources */ = {
			isa = PBXSourcesBuildPhase;
			buildActionMask = 2147483647;
			files = (
				BE6E69821B0630DB00ADF505 /* LunchTime.swift in Sources */,
			);
			runOnlyForDeploymentPostprocessing = 0;
		};
		BE6E69671B0630A400ADF505 /* Sources */ = {
			isa = PBXSourcesBuildPhase;
			buildActionMask = 2147483647;
			files = (
				BE6E69751B0630A400ADF505 /* LunchTimeShareTests.swift in Sources */,
			);
			runOnlyForDeploymentPostprocessing = 0;
		};
		BE7EBA521B045514007D215B /* Sources */ = {
			isa = PBXSourcesBuildPhase;
			buildActionMask = 2147483647;
			files = (
				BE7EBA5E1B045514007D215B /* ViewController.swift in Sources */,
				BE7EBA5C1B045514007D215B /* AppDelegate.swift in Sources */,
			);
			runOnlyForDeploymentPostprocessing = 0;
		};
		BE7EBA671B045514007D215B /* Sources */ = {
			isa = PBXSourcesBuildPhase;
			buildActionMask = 2147483647;
			files = (
				BE7EBA721B045514007D215B /* LunchTimeTests.swift in Sources */,
			);
			runOnlyForDeploymentPostprocessing = 0;
		};
/* End PBXSourcesBuildPhase section */

/* Begin PBXTargetDependency section */
		BE2374021B04670C00D00A4E /* PBXTargetDependency */ = {
			isa = PBXTargetDependency;
			target = BE2373F71B04670C00D00A4E /* TodayExtension */;
			targetProxy = BE2374011B04670C00D00A4E /* PBXContainerItemProxy */;
		};
		BE6E696E1B0630A400ADF505 /* PBXTargetDependency */ = {
			isa = PBXTargetDependency;
			target = BE6E69601B0630A400ADF505 /* LunchTimeShare */;
			targetProxy = BE6E696D1B0630A400ADF505 /* PBXContainerItemProxy */;
		};
		BE6E69701B0630A400ADF505 /* PBXTargetDependency */ = {
			isa = PBXTargetDependency;
			target = BE7EBA551B045514007D215B /* LunchTime */;
			targetProxy = BE6E696F1B0630A400ADF505 /* PBXContainerItemProxy */;
		};
		BE6E69771B0630A400ADF505 /* PBXTargetDependency */ = {
			isa = PBXTargetDependency;
			target = BE6E69601B0630A400ADF505 /* LunchTimeShare */;
			targetProxy = BE6E69761B0630A400ADF505 /* PBXContainerItemProxy */;
		};
		BE7EBA6D1B045514007D215B /* PBXTargetDependency */ = {
			isa = PBXTargetDependency;
			target = BE7EBA551B045514007D215B /* LunchTime */;
			targetProxy = BE7EBA6C1B045514007D215B /* PBXContainerItemProxy */;
		};
/* End PBXTargetDependency section */

/* Begin PBXVariantGroup section */
		BE7EBA5F1B045514007D215B /* Main.storyboard */ = {
			isa = PBXVariantGroup;
			children = (
				BE7EBA601B045514007D215B /* Base */,
			);
			name = Main.storyboard;
			sourceTree = "<group>";
		};
		BE7EBA641B045514007D215B /* LaunchScreen.xib */ = {
			isa = PBXVariantGroup;
			children = (
				BE7EBA651B045514007D215B /* Base */,
			);
			name = LaunchScreen.xib;
			sourceTree = "<group>";
		};
/* End PBXVariantGroup section */

/* Begin XCBuildConfiguration section */
		BE2374051B04670C00D00A4E /* Debug */ = {
			isa = XCBuildConfiguration;
			buildSettings = {
				GCC_PREPROCESSOR_DEFINITIONS = (
					"DEBUG=1",
					"$(inherited)",
				);
				INFOPLIST_FILE = TodayExtension/Info.plist;
				LD_RUNPATH_SEARCH_PATHS = "$(inherited) @executable_path/Frameworks @executable_path/../../Frameworks";
				PRODUCT_NAME = "$(TARGET_NAME)";
				SKIP_INSTALL = YES;
			};
			name = Debug;
		};
		BE2374061B04670C00D00A4E /* Release */ = {
			isa = XCBuildConfiguration;
			buildSettings = {
				INFOPLIST_FILE = TodayExtension/Info.plist;
				LD_RUNPATH_SEARCH_PATHS = "$(inherited) @executable_path/Frameworks @executable_path/../../Frameworks";
				PRODUCT_NAME = "$(TARGET_NAME)";
				SKIP_INSTALL = YES;
			};
			name = Release;
		};
		BE6E697A1B0630A400ADF505 /* Debug */ = {
			isa = XCBuildConfiguration;
			buildSettings = {
				CLANG_ENABLE_MODULES = YES;
				CURRENT_PROJECT_VERSION = 1;
				DEFINES_MODULE = YES;
				DYLIB_COMPATIBILITY_VERSION = 1;
				DYLIB_CURRENT_VERSION = 1;
				DYLIB_INSTALL_NAME_BASE = "@rpath";
				GCC_PREPROCESSOR_DEFINITIONS = (
					"DEBUG=1",
					"$(inherited)",
				);
				INFOPLIST_FILE = LunchTimeShare/Info.plist;
				INSTALL_PATH = "$(LOCAL_LIBRARY_DIR)/Frameworks";
				LD_RUNPATH_SEARCH_PATHS = "$(inherited) @executable_path/Frameworks @loader_path/Frameworks";
				PRODUCT_NAME = "$(TARGET_NAME)";
				SKIP_INSTALL = YES;
				SWIFT_OPTIMIZATION_LEVEL = "-Onone";
				VERSIONING_SYSTEM = "apple-generic";
				VERSION_INFO_PREFIX = "";
			};
			name = Debug;
		};
		BE6E697B1B0630A400ADF505 /* Release */ = {
			isa = XCBuildConfiguration;
			buildSettings = {
				CLANG_ENABLE_MODULES = YES;
				CURRENT_PROJECT_VERSION = 1;
				DEFINES_MODULE = YES;
				DYLIB_COMPATIBILITY_VERSION = 1;
				DYLIB_CURRENT_VERSION = 1;
				DYLIB_INSTALL_NAME_BASE = "@rpath";
				INFOPLIST_FILE = LunchTimeShare/Info.plist;
				INSTALL_PATH = "$(LOCAL_LIBRARY_DIR)/Frameworks";
				LD_RUNPATH_SEARCH_PATHS = "$(inherited) @executable_path/Frameworks @loader_path/Frameworks";
				PRODUCT_NAME = "$(TARGET_NAME)";
				SKIP_INSTALL = YES;
				VERSIONING_SYSTEM = "apple-generic";
				VERSION_INFO_PREFIX = "";
			};
			name = Release;
		};
		BE6E697C1B0630A400ADF505 /* Debug */ = {
			isa = XCBuildConfiguration;
			buildSettings = {
				FRAMEWORK_SEARCH_PATHS = (
					"$(SDKROOT)/Developer/Library/Frameworks",
					"$(inherited)",
				);
				GCC_PREPROCESSOR_DEFINITIONS = (
					"DEBUG=1",
					"$(inherited)",
				);
				INFOPLIST_FILE = LunchTimeShareTests/Info.plist;
				LD_RUNPATH_SEARCH_PATHS = "$(inherited) @executable_path/Frameworks @loader_path/Frameworks";
				PRODUCT_NAME = "$(TARGET_NAME)";
				TEST_HOST = "$(BUILT_PRODUCTS_DIR)/LunchTime.app/LunchTime";
			};
			name = Debug;
		};
		BE6E697D1B0630A400ADF505 /* Release */ = {
			isa = XCBuildConfiguration;
			buildSettings = {
				FRAMEWORK_SEARCH_PATHS = (
					"$(SDKROOT)/Developer/Library/Frameworks",
					"$(inherited)",
				);
				INFOPLIST_FILE = LunchTimeShareTests/Info.plist;
				LD_RUNPATH_SEARCH_PATHS = "$(inherited) @executable_path/Frameworks @loader_path/Frameworks";
				PRODUCT_NAME = "$(TARGET_NAME)";
				TEST_HOST = "$(BUILT_PRODUCTS_DIR)/LunchTime.app/LunchTime";
			};
			name = Release;
		};
		BE7EBA731B045514007D215B /* Debug */ = {
			isa = XCBuildConfiguration;
			buildSettings = {
				ALWAYS_SEARCH_USER_PATHS = NO;
				CLANG_CXX_LANGUAGE_STANDARD = "gnu++0x";
				CLANG_CXX_LIBRARY = "libc++";
				CLANG_ENABLE_MODULES = YES;
				CLANG_ENABLE_OBJC_ARC = YES;
				CLANG_WARN_BOOL_CONVERSION = YES;
				CLANG_WARN_CONSTANT_CONVERSION = YES;
				CLANG_WARN_DIRECT_OBJC_ISA_USAGE = YES_ERROR;
				CLANG_WARN_EMPTY_BODY = YES;
				CLANG_WARN_ENUM_CONVERSION = YES;
				CLANG_WARN_INT_CONVERSION = YES;
				CLANG_WARN_OBJC_ROOT_CLASS = YES_ERROR;
				CLANG_WARN_UNREACHABLE_CODE = YES;
				CLANG_WARN__DUPLICATE_METHOD_MATCH = YES;
				"CODE_SIGN_IDENTITY[sdk=iphoneos*]" = "iPhone Developer";
				COPY_PHASE_STRIP = NO;
				DEBUG_INFORMATION_FORMAT = "dwarf-with-dsym";
				ENABLE_STRICT_OBJC_MSGSEND = YES;
				GCC_C_LANGUAGE_STANDARD = gnu99;
				GCC_DYNAMIC_NO_PIC = NO;
				GCC_NO_COMMON_BLOCKS = YES;
				GCC_OPTIMIZATION_LEVEL = 0;
				GCC_PREPROCESSOR_DEFINITIONS = (
					"DEBUG=1",
					"$(inherited)",
				);
				GCC_SYMBOLS_PRIVATE_EXTERN = NO;
				GCC_WARN_64_TO_32_BIT_CONVERSION = YES;
				GCC_WARN_ABOUT_RETURN_TYPE = YES_ERROR;
				GCC_WARN_UNDECLARED_SELECTOR = YES;
				GCC_WARN_UNINITIALIZED_AUTOS = YES_AGGRESSIVE;
				GCC_WARN_UNUSED_FUNCTION = YES;
				GCC_WARN_UNUSED_VARIABLE = YES;
				IPHONEOS_DEPLOYMENT_TARGET = 8.3;
				MTL_ENABLE_DEBUG_INFO = YES;
				ONLY_ACTIVE_ARCH = YES;
				SDKROOT = iphoneos;
				SWIFT_OPTIMIZATION_LEVEL = "-Onone";
				TARGETED_DEVICE_FAMILY = "1,2";
			};
			name = Debug;
		};
		BE7EBA741B045514007D215B /* Release */ = {
			isa = XCBuildConfiguration;
			buildSettings = {
				ALWAYS_SEARCH_USER_PATHS = NO;
				CLANG_CXX_LANGUAGE_STANDARD = "gnu++0x";
				CLANG_CXX_LIBRARY = "libc++";
				CLANG_ENABLE_MODULES = YES;
				CLANG_ENABLE_OBJC_ARC = YES;
				CLANG_WARN_BOOL_CONVERSION = YES;
				CLANG_WARN_CONSTANT_CONVERSION = YES;
				CLANG_WARN_DIRECT_OBJC_ISA_USAGE = YES_ERROR;
				CLANG_WARN_EMPTY_BODY = YES;
				CLANG_WARN_ENUM_CONVERSION = YES;
				CLANG_WARN_INT_CONVERSION = YES;
				CLANG_WARN_OBJC_ROOT_CLASS = YES_ERROR;
				CLANG_WARN_UNREACHABLE_CODE = YES;
				CLANG_WARN__DUPLICATE_METHOD_MATCH = YES;
				"CODE_SIGN_IDENTITY[sdk=iphoneos*]" = "iPhone Developer";
				COPY_PHASE_STRIP = NO;
				DEBUG_INFORMATION_FORMAT = "dwarf-with-dsym";
				ENABLE_NS_ASSERTIONS = NO;
				ENABLE_STRICT_OBJC_MSGSEND = YES;
				GCC_C_LANGUAGE_STANDARD = gnu99;
				GCC_NO_COMMON_BLOCKS = YES;
				GCC_WARN_64_TO_32_BIT_CONVERSION = YES;
				GCC_WARN_ABOUT_RETURN_TYPE = YES_ERROR;
				GCC_WARN_UNDECLARED_SELECTOR = YES;
				GCC_WARN_UNINITIALIZED_AUTOS = YES_AGGRESSIVE;
				GCC_WARN_UNUSED_FUNCTION = YES;
				GCC_WARN_UNUSED_VARIABLE = YES;
				IPHONEOS_DEPLOYMENT_TARGET = 8.3;
				MTL_ENABLE_DEBUG_INFO = NO;
				SDKROOT = iphoneos;
				TARGETED_DEVICE_FAMILY = "1,2";
				VALIDATE_PRODUCT = YES;
			};
			name = Release;
		};
		BE7EBA761B045514007D215B /* Debug */ = {
			isa = XCBuildConfiguration;
			buildSettings = {
				ASSETCATALOG_COMPILER_APPICON_NAME = AppIcon;
				INFOPLIST_FILE = LunchTime/Info.plist;
				LD_RUNPATH_SEARCH_PATHS = "$(inherited) @executable_path/Frameworks";
				PRODUCT_NAME = "$(TARGET_NAME)";
			};
			name = Debug;
		};
		BE7EBA771B045514007D215B /* Release */ = {
			isa = XCBuildConfiguration;
			buildSettings = {
				ASSETCATALOG_COMPILER_APPICON_NAME = AppIcon;
				INFOPLIST_FILE = LunchTime/Info.plist;
				LD_RUNPATH_SEARCH_PATHS = "$(inherited) @executable_path/Frameworks";
				PRODUCT_NAME = "$(TARGET_NAME)";
			};
			name = Release;
		};
		BE7EBA791B045514007D215B /* Debug */ = {
			isa = XCBuildConfiguration;
			buildSettings = {
				BUNDLE_LOADER = "$(TEST_HOST)";
				FRAMEWORK_SEARCH_PATHS = (
					"$(SDKROOT)/Developer/Library/Frameworks",
					"$(inherited)",
				);
				GCC_PREPROCESSOR_DEFINITIONS = (
					"DEBUG=1",
					"$(inherited)",
				);
				INFOPLIST_FILE = LunchTimeTests/Info.plist;
				LD_RUNPATH_SEARCH_PATHS = "$(inherited) @executable_path/Frameworks @loader_path/Frameworks";
				PRODUCT_NAME = "$(TARGET_NAME)";
				TEST_HOST = "$(BUILT_PRODUCTS_DIR)/LunchTime.app/LunchTime";
			};
			name = Debug;
		};
		BE7EBA7A1B045514007D215B /* Release */ = {
			isa = XCBuildConfiguration;
			buildSettings = {
				BUNDLE_LOADER = "$(TEST_HOST)";
				FRAMEWORK_SEARCH_PATHS = (
					"$(SDKROOT)/Developer/Library/Frameworks",
					"$(inherited)",
				);
				INFOPLIST_FILE = LunchTimeTests/Info.plist;
				LD_RUNPATH_SEARCH_PATHS = "$(inherited) @executable_path/Frameworks @loader_path/Frameworks";
				PRODUCT_NAME = "$(TARGET_NAME)";
				TEST_HOST = "$(BUILT_PRODUCTS_DIR)/LunchTime.app/LunchTime";
			};
			name = Release;
		};
/* End XCBuildConfiguration section */

/* Begin XCConfigurationList section */
		BE2374041B04670C00D00A4E /* Build configuration list for PBXNativeTarget "TodayExtension" */ = {
			isa = XCConfigurationList;
			buildConfigurations = (
				BE2374051B04670C00D00A4E /* Debug */,
				BE2374061B04670C00D00A4E /* Release */,
			);
			defaultConfigurationIsVisible = 0;
			defaultConfigurationName = Release;
		};
		BE6E697E1B0630A400ADF505 /* Build configuration list for PBXNativeTarget "LunchTimeShare" */ = {
			isa = XCConfigurationList;
			buildConfigurations = (
				BE6E697A1B0630A400ADF505 /* Debug */,
				BE6E697B1B0630A400ADF505 /* Release */,
			);
			defaultConfigurationIsVisible = 0;
		};
		BE6E69801B0630A400ADF505 /* Build configuration list for PBXNativeTarget "LunchTimeShareTests" */ = {
			isa = XCConfigurationList;
			buildConfigurations = (
				BE6E697C1B0630A400ADF505 /* Debug */,
				BE6E697D1B0630A400ADF505 /* Release */,
			);
			defaultConfigurationIsVisible = 0;
		};
		BE7EBA511B045514007D215B /* Build configuration list for PBXProject "LunchTime" */ = {
			isa = XCConfigurationList;
			buildConfigurations = (
				BE7EBA731B045514007D215B /* Debug */,
				BE7EBA741B045514007D215B /* Release */,
			);
			defaultConfigurationIsVisible = 0;
			defaultConfigurationName = Release;
		};
		BE7EBA751B045514007D215B /* Build configuration list for PBXNativeTarget "LunchTime" */ = {
			isa = XCConfigurationList;
			buildConfigurations = (
				BE7EBA761B045514007D215B /* Debug */,
				BE7EBA771B045514007D215B /* Release */,
			);
			defaultConfigurationIsVisible = 0;
			defaultConfigurationName = Release;
		};
		BE7EBA781B045514007D215B /* Build configuration list for PBXNativeTarget "LunchTimeTests" */ = {
			isa = XCConfigurationList;
			buildConfigurations = (
				BE7EBA791B045514007D215B /* Debug */,
				BE7EBA7A1B045514007D215B /* Release */,
			);
			defaultConfigurationIsVisible = 0;
			defaultConfigurationName = Release;
		};
/* End XCConfigurationList section */
	};
	rootObject = BE7EBA4E1B045514007D215B /* Project object */;
}
